
Microsoft Visual Studio Solution File, Format Version 12.00
# Visual Studio Version 17
VisualStudioVersion = 17.9.34622.214
MinimumVisualStudioVersion = 10.0.40219.1
Project("{FAE04EC0-301F-11D3-BF4B-00C04F79EFBC}") = "AspNetCoreUtilities", "ProjectWithUtilities\AspNetCoreUtilities.csproj", "{7154A7AD-9E20-433B-914D-1CDE46546294}"
EndProject
Global
	GlobalSection(SolutionConfigurationPlatforms) = preSolution
		Debug|Any CPU = Debug|Any CPU
		Release|Any CPU = Release|Any CPU
	EndGlobalSection
	GlobalSection(ProjectConfigurationPlatforms) = postSolution
		{7154A7AD-9E20-433B-914D-1CDE46546294}.Debug|Any CPU.ActiveCfg = Debug|Any CPU
		{7154A7AD-9E20-433B-914D-1CDE46546294}.Debug|Any CPU.Build.0 = Debug|Any CPU
		{7154A7AD-9E20-433B-914D-1CDE46546294}.Release|Any CPU.ActiveCfg = Release|Any CPU
		{7154A7AD-9E20-433B-914D-1CDE46546294}.Release|Any CPU.Build.0 = Release|Any CPU
	EndGlobalSection
	GlobalSection(SolutionProperties) = preSolution
		HideSolutionNode = FALSE
	EndGlobalSection
	GlobalSection(ExtensibilityGlobals) = postSolution
		SolutionGuid = {A0664744-0096-409F-9A0B-699C26B1F016}
	EndGlobalSection
EndGlobal
